# This file is automatically @generated by Poetry 1.8.3 and should not be changed by hand.

[[package]]
name = "mecab-python3"
version = "1.0.10"
description = "Python wrapper for the MeCab morphological analyzer for Japanese"
optional = false
python-versions = "*"
files = [
    {file = "mecab_python3-1.0.10-cp310-cp310-macosx_10_9_universal2.whl", hash = "sha256:ddeeb7e40348066cbcf980dffa19bc84e087bb0fb452ce149defc11747f52f85"},
    {file = "mecab_python3-1.0.10-cp310-cp310-macosx_10_9_x86_64.whl", hash = "sha256:1acb9f47108170a43549637f3f45449c7018d56e91ca5fc8ad56bbcd8288848c"},
    {file = "mecab_python3-1.0.10-cp310-cp310-macosx_11_0_arm64.whl", hash = "sha256:e487498dc7231926230944ad04e40406d23499240fd35273d8d2c4f775dcc162"},
    {file = "mecab_python3-1.0.10-cp310-cp310-manylinux_2_17_aarch64.manylinux2014_aarch64.whl", hash = "sha256:2a2924d9ee1a7eefe0601edf16d2b63c5519e3403b319cfc9d1eda4bf978f6d9"},
    {file = "mecab_python3-1.0.10-cp310-cp310-manylinux_2_17_x86_64.manylinux2014_x86_64.whl", hash = "sha256:069c176c02b6bec3fdc9e00c42138dc77ef4b683908b6909808bc7528d2996bc"},
    {file = "mecab_python3-1.0.10-cp310-cp310-win_amd64.whl", hash = "sha256:63cd0a65835257a1fcb88f25a6eaf1a8e472990a9d3f7d08300c5cccf8973931"},
    {file = "mecab_python3-1.0.10-cp311-cp311-macosx_10_9_universal2.whl", hash = "sha256:ebc8bbdb7e0c616e1467b02cadc3c7a764912dec241b31a14c90b1c1ac58afc8"},
    {file = "mecab_python3-1.0.10-cp311-cp311-macosx_10_9_x86_64.whl", hash = "sha256:3d66bbda223e64bf1eb320809b5d7e21fc6b045ccc14e07232d8592dd40b1a29"},
    {file = "mecab_python3-1.0.10-cp311-cp311-macosx_11_0_arm64.whl", hash = "sha256:9eed9b626a82eb26e571e45832b7c03b46e250e57c70d7309aa0c28c0fb95d47"},
    {file = "mecab_python3-1.0.10-cp311-cp311-manylinux_2_17_aarch64.manylinux2014_aarch64.whl", hash = "sha256:01c1123fb64fb67d29e7221a9cba36b589b795683bd94e762d87385a9633de95"},
    {file = "mecab_python3-1.0.10-cp311-cp311-manylinux_2_17_x86_64.manylinux2014_x86_64.whl", hash = "sha256:da59058da7459457f14382ddb6a2bb4a80176d0dcfa3eb835c53abd11e5aa97d"},
    {file = "mecab_python3-1.0.10-cp311-cp311-win_amd64.whl", hash = "sha256:1eca068650d9f228072820ce015eb5831b9114afe6cc0f381208eaa2e1f23f0f"},
    {file = "mecab_python3-1.0.10-cp312-cp312-macosx_10_13_universal2.whl", hash = "sha256:fb21b38fea3da3a3c893b6af34f9d34e4846c30f7d2f76fe58beee195963fbf3"},
    {file = "mecab_python3-1.0.10-cp312-cp312-macosx_10_13_x86_64.whl", hash = "sha256:7fa96813dca31ad1517a1c5921b5620713fdefea072795ec9de31425fcf2c4e1"},
    {file = "mecab_python3-1.0.10-cp312-cp312-macosx_11_0_arm64.whl", hash = "sha256:134e2c68a783f545bc8373601469d017a13d9b7cac46d243ec1bbfb2c94639a3"},
    {file = "mecab_python3-1.0.10-cp312-cp312-manylinux_2_17_aarch64.manylinux2014_aarch64.whl", hash = "sha256:2d9ff1c7a7ec4f42c98d74db71bc9b1d513db4cf676a023665ae40197f2da040"},
    {file = "mecab_python3-1.0.10-cp312-cp312-manylinux_2_17_x86_64.manylinux2014_x86_64.whl", hash = "sha256:2953a3e53fa269f2e1b109de3a55fc7668e9e566f0340a69c2202a37f0447691"},
    {file = "mecab_python3-1.0.10-cp312-cp312-win_amd64.whl", hash = "sha256:308cbec46e426d53bde1f97a95ea655d3e6fcababe0c444dd74c9d3f8105a179"},
    {file = "mecab_python3-1.0.10-cp313-cp313-macosx_10_13_universal2.whl", hash = "sha256:711ee9a7ba27aa6988b580951671e5966d7b9aa16cae453d17a5e149d295941c"},
    {file = "mecab_python3-1.0.10-cp313-cp313-macosx_10_13_x86_64.whl", hash = "sha256:1cc4e90d23b57e1ea4bf0ecc57cf7cdbc432164398b67ad113256bc20ed52154"},
    {file = "mecab_python3-1.0.10-cp313-cp313-macosx_11_0_arm64.whl", hash = "sha256:4b90261aa514f29c6e05bd99717a02eeb9be3d7ea0a0be01f65ce0d86c572c68"},
    {file = "mecab_python3-1.0.10-cp313-cp313-manylinux_2_17_aarch64.manylinux2014_aarch64.whl", hash = "sha256:894d87d708545314359cfd1b062238c2756d8f985b4c3fe7cabdf111f533a367"},
    {file = "mecab_python3-1.0.10-cp313-cp313-manylinux_2_17_x86_64.manylinux2014_x86_64.whl", hash = "sha256:7bd7b86dd39a068dadf06ba8dd717ec1defb2cea181c5cbc6c54b1adb6dd0d4b"},
    {file = "mecab_python3-1.0.10-cp313-cp313-win_amd64.whl", hash = "sha256:3528ef81cc4c9506ae3b273958fe2314aa1022a8db64640e631e09fd3e1af97b"},
    {file = "mecab_python3-1.0.10-cp36-cp36m-macosx_10_9_x86_64.whl", hash = "sha256:c7da20d1ede231645e2be96a202f15419cb508b4b21f3c466bc5848f5956af27"},
    {file = "mecab_python3-1.0.10-cp37-cp37m-macosx_10_9_x86_64.whl", hash = "sha256:1e385987f2ef3f617ee87bf2ca555e10c468c156c71bfcac7182202df261f4d2"},
    {file = "mecab_python3-1.0.10-cp38-cp38-macosx_10_9_universal2.whl", hash = "sha256:9666fa3e116768d81c3d20f13bb05daf8a474919312cc5239180ed6f5c318e80"},
    {file = "mecab_python3-1.0.10-cp38-cp38-macosx_10_9_x86_64.whl", hash = "sha256:06f9259bd2ffb4a71e99712ea845b579674a2be7b245b88b03f28a390ab13dea"},
    {file = "mecab_python3-1.0.10-cp38-cp38-macosx_11_0_arm64.whl", hash = "sha256:8d16cf163c9fe568a42a31e99a60cdaa97d76124d04a8daa2bb2b93f18d08107"},
    {file = "mecab_python3-1.0.10-cp38-cp38-manylinux_2_17_aarch64.manylinux2014_aarch64.whl", hash = "sha256:82c175f1ae970b3baa3589e29f3946a1a83b76a48245ea103558abdbfb3398b1"},
    {file = "mecab_python3-1.0.10-cp38-cp38-manylinux_2_17_x86_64.manylinux2014_x86_64.whl", hash = "sha256:a20e0c94bb24e36ec73d1e6ae91608cd913174f8aa1d8195b218d2d77aeb3ccc"},
    {file = "mecab_python3-1.0.10-cp38-cp38-win_amd64.whl", hash = "sha256:9af3ef731dfbd1f0a97f4a91ebfea2454dc3e8fa9e42423912eb6628f2acdfec"},
    {file = "mecab_python3-1.0.10-cp39-cp39-macosx_10_9_universal2.whl", hash = "sha256:c72f1c4c582f7f86aa9454694719e7873f80830e300df0d71f6b38ff9c0f94ea"},
    {file = "mecab_python3-1.0.10-cp39-cp39-macosx_10_9_x86_64.whl", hash = "sha256:1c45dd85ee584326d23e1ec4d6d4c23ac39e88e5bc0442b4e81b178c59d1c148"},
    {file = "mecab_python3-1.0.10-cp39-cp39-macosx_11_0_arm64.whl", hash = "sha256:1b6845fb4bf4771018a10a6c455dc4cb3e0590c8ac55d25cddfe85138a72bbd2"},
    {file = "mecab_python3-1.0.10-cp39-cp39-manylinux_2_17_aarch64.manylinux2014_aarch64.whl", hash = "sha256:f30f4cca5992c7c5ac3767d6e21c235d02104eb11b94b60361494509a72d92a5"},
    {file = "mecab_python3-1.0.10-cp39-cp39-manylinux_2_17_x86_64.manylinux2014_x86_64.whl", hash = "sha256:5bd723e757d321135d38ab383639c148e20eb65468517398fff26eb89344d0b5"},
    {file = "mecab_python3-1.0.10-cp39-cp39-win_amd64.whl", hash = "sha256:f93201fa2c4d7e03b3cc25ffd52a8c4ee207db874258d5143ece8b457e22a885"},
    {file = "mecab_python3-1.0.10.tar.gz", hash = "sha256:21cd4416043e9a993fcfb986dde93e4366a07543dd95849b5ef2e50c9a9afcce"},
]

[package.extras]
unidic = ["unidic"]
unidic-lite = ["unidic-lite"]

[metadata]
lock-version = "2.0"
python-versions = "^3.12"
content-hash = "f78c8c7ec4b9d31c5bd0ae72c5da8c7e6242500f7421dc59cb722e1f549bd785"
